
Microsoft Visual Studio Solution File, Format Version 12.00
# Visual Studio Version 16
VisualStudioVersion = 16.0.30709.132
MinimumVisualStudioVersion = 10.0.40219.1
Project("{E24C65DC-7377-472B-9ABA-BC803B73C61A}") = "3DEditor", "H:\WorkSpace\Git\3DEditor\", "{2148CF15-D194-4D3F-8994-4869357B2412}"
	ProjectSection(WebsiteProperties) = preProject
		TargetFrameworkMoniker = ".NETFramework,Version%3Dv4.0"
		Debug.AspNetCompiler.VirtualPath = "/localhost_51073"
		Debug.AspNetCompiler.PhysicalPath = "H:\WorkSpace\Git\3DEditor\"
		Debug.AspNetCompiler.TargetPath = "PrecompiledWeb\localhost_51073\"
		Debug.AspNetCompiler.Updateable = "true"
		Debug.AspNetCompiler.ForceOverwrite = "true"
		Debug.AspNetCompiler.FixedNames = "false"
		Debug.AspNetCompiler.Debug = "True"
		Release.AspNetCompiler.VirtualPath = "/localhost_51073"
		Release.AspNetCompiler.PhysicalPath = "H:\WorkSpace\Git\3DEditor\"
		Release.AspNetCompiler.TargetPath = "PrecompiledWeb\localhost_51073\"
		Release.AspNetCompiler.Updateable = "true"
		Release.AspNetCompiler.ForceOverwrite = "true"
		Release.AspNetCompiler.FixedNames = "false"
		Release.AspNetCompiler.Debug = "False"
		VWDPort = "51073"
	EndProjectSection
EndProject
Global
	GlobalSection(SolutionConfigurationPlatforms) = preSolution
		Debug|Any CPU = Debug|Any CPU
	EndGlobalSection
	GlobalSection(ProjectConfigurationPlatforms) = postSolution
		{2148CF15-D194-4D3F-8994-4869357B2412}.Debug|Any CPU.ActiveCfg = Debug|Any CPU
		{2148CF15-D194-4D3F-8994-4869357B2412}.Debug|Any CPU.Build.0 = Debug|Any CPU
	EndGlobalSection
	GlobalSection(SolutionProperties) = preSolution
		HideSolutionNode = FALSE
	EndGlobalSection
	GlobalSection(ExtensibilityGlobals) = postSolution
		SolutionGuid = {831865EA-B9D9-4307-BCC7-A55E00880D00}
	EndGlobalSection
EndGlobal
