{
  "requires": true,
  "lockfileVersion": 1,
  "dependencies": {
    "three.meshline": {
      "version": "1.3.0",
      "resolved": "http://192.168.0.7:8081/repository/group-npm/three.meshline/-/three.meshline-1.3.0.tgz",
      "integrity": "sha512-ZEb6cZiMh7RFPAQ0320aVBQx1CK4/wFffG9NNAArfX4KBPSJzjS19tYSuhNX7eZ1trU4blEHixz1EXkXN33++w=="
    }
  }
}
